
Microsoft Visual Studio Solution File, Format Version 12.00
# Visual Studio Version 17
VisualStudioVersion = 17.11.35327.3
MinimumVisualStudioVersion = 10.0.40219.1
Project("{FAE04EC0-301F-11D3-BF4B-00C04F79EFBC}") = "Atlas Ownership Changer", "Atlas Ownership Changer.csproj", "{D8C6E8FE-05FD-4864-AC8E-BEC37DEB0156}"
EndProject
Global
	GlobalSection(SolutionConfigurationPlatforms) = preSolution
		Debug|Any CPU = Debug|Any CPU
		Release|Any CPU = Release|Any CPU
	EndGlobalSection
	GlobalSection(ProjectConfigurationPlatforms) = postSolution
		{D8C6E8FE-05FD-4864-AC8E-BEC37DEB0156}.Debug|Any CPU.ActiveCfg = Debug|Any CPU
		{D8C6E8FE-05FD-4864-AC8E-BEC37DEB0156}.Debug|Any CPU.Build.0 = Debug|Any CPU
		{D8C6E8FE-05FD-4864-AC8E-BEC37DEB0156}.Release|Any CPU.ActiveCfg = Release|Any CPU
		{D8C6E8FE-05FD-4864-AC8E-BEC37DEB0156}.Release|Any CPU.Build.0 = Release|Any CPU
	EndGlobalSection
	GlobalSection(SolutionProperties) = preSolution
		HideSolutionNode = FALSE
	EndGlobalSection
	GlobalSection(ExtensibilityGlobals) = postSolution
		SolutionGuid = {3385FBEB-69E2-4DAE-A12D-9144FBFCB0D1}
	EndGlobalSection
EndGlobal
